{
  "name": "creativa__backend",
  "version": "1.0.0",
  "lockfileVersion": 3,
  "requires": true,
  "packages": {
    "": {
      "name": "creativa__backend",
      "version": "1.0.0",
      "license": "ISC",
      "dependencies": {
        "nicola-framework": "^1.0.3"
      }
    },
    "node_modules/nicola-framework": {
      "version": "1.0.3",
      "resolved": "https://registry.npmjs.org/nicola-framework/-/nicola-framework-1.0.3.tgz",
      "integrity": "sha512-AGIl0e200hUAn9i8HwuoWi4T2ss9/nG1JdCWsHMBHpjCky0faoZD44YQ1eerN+pQYFkZvOWvm2EDOxqkde/ZUA==",
      "license": "MIT"
    }
  }
}
